# THIS IS AN AUTOGENERATED FILE. DO NOT EDIT THIS FILE DIRECTLY.
# yarn lockfile v1


"@uone/u-socket@^1.2.0":
  version "1.2.0"
  resolved "https://registry.yarnpkg.com/@uone/u-socket/-/u-socket-1.2.0.tgz#149b1e8198ac2ee9863feac5f039bb699f1b6850"
  integrity sha512-Rc8Z6ndTkJtMz0WsPXiTa2F7rS1Bk8ano3N+5u5L6bO+Oo3QEYXaAg/vIxJbv9jdB57YIgDmmXQ9lhdTaYil0w==
